
Microsoft Visual Studio Solution File, Format Version 12.00
# Visual Studio 15
VisualStudioVersion = 15.0.27130.2003
MinimumVisualStudioVersion = 10.0.40219.1
Project("{9A19103F-16F7-4668-BE54-9A1E7A4F7556}") = "csharp-tutorial", "csharp-tutorial\csharp-tutorial.csproj", "{17869326-2B83-4238-8E39-251B9820ED88}"
EndProject
Project("{2150E333-8FDC-42A3-9474-1A3956D46DE8}") = "Solution Items", "Solution Items", "{7F6D60EB-82F1-44DA-9276-AB5921EB2D70}"
	ProjectSection(SolutionItems) = preProject
		README.md = README.md
	EndProjectSection
EndProject
Global
	GlobalSection(SolutionConfigurationPlatforms) = preSolution
		Debug|Any CPU = Debug|Any CPU
		Release|Any CPU = Release|Any CPU
	EndGlobalSection
	GlobalSection(ProjectConfigurationPlatforms) = postSolution
		{17869326-2B83-4238-8E39-251B9820ED88}.Debug|Any CPU.ActiveCfg = Debug|Any CPU
		{17869326-2B83-4238-8E39-251B9820ED88}.Debug|Any CPU.Build.0 = Debug|Any CPU
		{17869326-2B83-4238-8E39-251B9820ED88}.Release|Any CPU.ActiveCfg = Release|Any CPU
		{17869326-2B83-4238-8E39-251B9820ED88}.Release|Any CPU.Build.0 = Release|Any CPU
	EndGlobalSection
	GlobalSection(SolutionProperties) = preSolution
		HideSolutionNode = FALSE
	EndGlobalSection
	GlobalSection(ExtensibilityGlobals) = postSolution
		SolutionGuid = {61CC45F0-E4A0-487C-9E37-60CC92136AC6}
	EndGlobalSection
EndGlobal
